// !$*UTF8*$!
{
	archiveVersion = 1;
	classes = {
	};
	objectVersion = 47;
	objects = {

/* Begin PBXBuildFile section */
		F30770D71B44BA2E0080EDD5 /* main.m in Sources */ = {isa = PBXBuildFile; fileRef = F30770D61B44BA2E0080EDD5 /* main.m */; };
		F30770DA1B44BA2E0080EDD5 /* AppDelegate.m in Sources */ = {isa = PBXBuildFile; fileRef = F30770D91B44BA2E0080EDD5 /* AppDelegate.m */; };
		F30770DD1B44BA2E0080EDD5 /* CalculatorVC.m in Sources */ = {isa = PBXBuildFile; fileRef = F30770DC1B44BA2E0080EDD5 /* CalculatorVC.m */; };
		F30770E21B44BA2E0080EDD5 /* Images.xcassets in Resources */ = {isa = PBXBuildFile; fileRef = F30770E11B44BA2E0080EDD5 /* Images.xcassets */; };
		F30770E51B44BA2E0080EDD5 /* LaunchScreen.xib in Resources */ = {isa = PBXBuildFile; fileRef = F30770E31B44BA2E0080EDD5 /* LaunchScreen.xib */; };
		F30770F11B44BA2E0080EDD5 /* CalculatorTests.m in Sources */ = {isa = PBXBuildFile; fileRef = F30770F01B44BA2E0080EDD5 /* CalculatorTests.m */; };
		F30DD0731BBDC24C009EE47D /* Contacts+CoreDataProperties.m in Sources */ = {isa = PBXBuildFile; fileRef = F30DD0701BBDC24C009EE47D /* Contacts+CoreDataProperties.m */; };
		F30DD0741BBDC24C009EE47D /* Contacts.m in Sources */ = {isa = PBXBuildFile; fileRef = F30DD0721BBDC24C009EE47D /* Contacts.m */; };
		F34C90121BF3063000F3F953 /* PhotoStorage.m in Sources */ = {isa = PBXBuildFile; fileRef = F34C90111BF3063000F3F953 /* PhotoStorage.m */; };
		F34C90181BF3281800F3F953 /* Album+CoreDataProperties.m in Sources */ = {isa = PBXBuildFile; fileRef = F34C90171BF3281800F3F953 /* Album+CoreDataProperties.m */; };
		F34C901B1BF3297D00F3F953 /* Album.m in Sources */ = {isa = PBXBuildFile; fileRef = F34C901A1BF3297D00F3F953 /* Album.m */; };
		F34C901E1BF3BFF300F3F953 /* Album+methods.m in Sources */ = {isa = PBXBuildFile; fileRef = F34C901D1BF3BFF300F3F953 /* Album+methods.m */; };
		F37673621BF10EEC00B1C0A4 /* SettingsVC.m in Sources */ = {isa = PBXBuildFile; fileRef = F37673611BF10EEC00B1C0A4 /* SettingsVC.m */; };
		F385EF951BDAA55800A0FC90 /* ViewPhotoVC.m in Sources */ = {isa = PBXBuildFile; fileRef = F385EF941BDAA55800A0FC90 /* ViewPhotoVC.m */; };
		F38614DD1BE55C04000363EF /* Photo+CoreDataProperties.m in Sources */ = {isa = PBXBuildFile; fileRef = F38614DA1BE55C04000363EF /* Photo+CoreDataProperties.m */; };
		F38614DE1BE55C04000363EF /* Photo.m in Sources */ = {isa = PBXBuildFile; fileRef = F38614DC1BE55C04000363EF /* Photo.m */; };
		F38DF78B1C0779D200C82A64 /* PatternVC.m in Sources */ = {isa = PBXBuildFile; fileRef = F38DF78A1C0779D200C82A64 /* PatternVC.m */; };
		F38DF7901C0787A300C82A64 /* Main.storyboard in Resources */ = {isa = PBXBuildFile; fileRef = F38DF78E1C0787A300C82A64 /* Main.storyboard */; };
		F38DF7931C092A4400C82A64 /* PatternLockView.m in Sources */ = {isa = PBXBuildFile; fileRef = F38DF7921C092A4400C82A64 /* PatternLockView.m */; };
		F39136A21BF94D3E00ACF081 /* NoteStorage.m in Sources */ = {isa = PBXBuildFile; fileRef = F39136A11BF94D3E00ACF081 /* NoteStorage.m */; };
		F39136A51BF94E2900ACF081 /* ContactStorage.m in Sources */ = {isa = PBXBuildFile; fileRef = F39136A41BF94E2900ACF081 /* ContactStorage.m */; };
		F39136A81BF94E3A00ACF081 /* PasswordStorage.m in Sources */ = {isa = PBXBuildFile; fileRef = F39136A71BF94E3A00ACF081 /* PasswordStorage.m */; };
		F3973CB21BB314D800DCA383 /* PasswordTVC.m in Sources */ = {isa = PBXBuildFile; fileRef = F3973CB11BB314D800DCA383 /* PasswordTVC.m */; };
		F3973CB51BB3155900DCA383 /* AddPasswordVC.m in Sources */ = {isa = PBXBuildFile; fileRef = F3973CB41BB3155900DCA383 /* AddPasswordVC.m */; };
		F3973CB81BB3158400DCA383 /* ViewPasswordVC.m in Sources */ = {isa = PBXBuildFile; fileRef = F3973CB71BB3158400DCA383 /* ViewPasswordVC.m */; };
		F3973CBE1BB315EB00DCA383 /* NotesTVC.m in Sources */ = {isa = PBXBuildFile; fileRef = F3973CBD1BB315EB00DCA383 /* NotesTVC.m */; };
		F3973CC11BB33BB600DCA383 /* Notes.m in Sources */ = {isa = PBXBuildFile; fileRef = F3973CC01BB33BB600DCA383 /* Notes.m */; };
		F3BAF5B51B9D1B2300C47EC4 /* WebBrowserVC.m in Sources */ = {isa = PBXBuildFile; fileRef = F3BAF5B41B9D1B2300C47EC4 /* WebBrowserVC.m */; };
		F3CBDA031B4CA00C0096F1AB /* Calculator.m in Sources */ = {isa = PBXBuildFile; fileRef = F3CBDA021B4CA00C0096F1AB /* Calculator.m */; };
		F3CBDDFF1BC23D8D00910B81 /* Notes+CoreDataProperties.m in Sources */ = {isa = PBXBuildFile; fileRef = F3CBDDFE1BC23D8D00910B81 /* Notes+CoreDataProperties.m */; };
		F3CBDE021BC23F5B00910B81 /* ViewNoteVC.m in Sources */ = {isa = PBXBuildFile; fileRef = F3CBDE011BC23F5B00910B81 /* ViewNoteVC.m */; };
		F3D12FA81BBA014E00BA5005 /* Passwords+CoreDataProperties.m in Sources */ = {isa = PBXBuildFile; fileRef = F3D12FA51BBA014E00BA5005 /* Passwords+CoreDataProperties.m */; };
		F3D12FA91BBA014E00BA5005 /* Passwords.m in Sources */ = {isa = PBXBuildFile; fileRef = F3D12FA71BBA014E00BA5005 /* Passwords.m */; };
		F3E15CB01C05A44900296B44 /* AlphabeticalVC.m in Sources */ = {isa = PBXBuildFile; fileRef = F3E15CAF1C05A44900296B44 /* AlphabeticalVC.m */; };
		F3EBBC4A1BAB5FA500A71E4A /* Calculator.xcdatamodeld in Sources */ = {isa = PBXBuildFile; fileRef = F3EBBC481BAB5FA500A71E4A /* Calculator.xcdatamodeld */; };
		F3EBBC5C1BACB6F600A71E4A /* ContactsTVC.m in Sources */ = {isa = PBXBuildFile; fileRef = F3EBBC5B1BACB6F600A71E4A /* ContactsTVC.m */; };
		F3EBBC631BACC0DA00A71E4A /* ViewContactVC.m in Sources */ = {isa = PBXBuildFile; fileRef = F3EBBC621BACC0DA00A71E4A /* ViewContactVC.m */; };
		F3EBBC691BAE241900A71E4A /* AddContactVC.m in Sources */ = {isa = PBXBuildFile; fileRef = F3EBBC681BAE241900A71E4A /* AddContactVC.m */; };
		F3EE2A0E1BFEBE16003BBD46 /* Settings.m in Sources */ = {isa = PBXBuildFile; fileRef = F3EE2A0D1BFEBE16003BBD46 /* Settings.m */; };
		F3EE2A111BFEC786003BBD46 /* SecurityVC.m in Sources */ = {isa = PBXBuildFile; fileRef = F3EE2A101BFEC786003BBD46 /* SecurityVC.m */; };
		F3EE2A191BFED00E003BBD46 /* Alphabetical.m in Sources */ = {isa = PBXBuildFile; fileRef = F3EE2A181BFED00E003BBD46 /* Alphabetical.m */; };
		F3EE2A1F1BFED048003BBD46 /* Numerical.m in Sources */ = {isa = PBXBuildFile; fileRef = F3EE2A1E1BFED048003BBD46 /* Numerical.m */; };
		F3EE2A221C00034E003BBD46 /* NumericalVC.m in Sources */ = {isa = PBXBuildFile; fileRef = F3EE2A211C00034E003BBD46 /* NumericalVC.m */; };
		F3FB78571BCDABDD005DFEFF /* PhotoTVC.m in Sources */ = {isa = PBXBuildFile; fileRef = F3FB78561BCDABDD005DFEFF /* PhotoTVC.m */; };
		F3FB785A1BCDAC5B005DFEFF /* PhotoCVC.m in Sources */ = {isa = PBXBuildFile; fileRef = F3FB78591BCDAC5B005DFEFF /* PhotoCVC.m */; };
/* End PBXBuildFile section */

/* Begin PBXContainerItemProxy section */
		F30770EB1B44BA2E0080EDD5 /* PBXContainerItemProxy */ = {
			isa = PBXContainerItemProxy;
			containerPortal = F30770C91B44BA2E0080EDD5 /* Project object */;
			proxyType = 1;
			remoteGlobalIDString = F30770D01B44BA2E0080EDD5;
			remoteInfo = Calculator;
		};
/* End PBXContainerItemProxy section */

/* Begin PBXFileReference section */
		F30770D11B44BA2E0080EDD5 /* Calculator.app */ = {isa = PBXFileReference; explicitFileType = wrapper.application; includeInIndex = 0; path = Calculator.app; sourceTree = BUILT_PRODUCTS_DIR; };
		F30770D51B44BA2E0080EDD5 /* Info.plist */ = {isa = PBXFileReference; lastKnownFileType = text.plist.xml; path = Info.plist; sourceTree = "<group>"; };
		F30770D61B44BA2E0080EDD5 /* main.m */ = {isa = PBXFileReference; lastKnownFileType = sourcecode.c.objc; path = main.m; sourceTree = "<group>"; };
		F30770D81B44BA2E0080EDD5 /* AppDelegate.h */ = {isa = PBXFileReference; lastKnownFileType = sourcecode.c.h; path = AppDelegate.h; sourceTree = "<group>"; };
		F30770D91B44BA2E0080EDD5 /* AppDelegate.m */ = {isa = PBXFileReference; lastKnownFileType = sourcecode.c.objc; path = AppDelegate.m; sourceTree = "<group>"; };
		F30770DB1B44BA2E0080EDD5 /* CalculatorVC.h */ = {isa = PBXFileReference; lastKnownFileType = sourcecode.c.h; name = CalculatorVC.h; path = ../Calculator/CalculatorVC.h; sourceTree = "<group>"; };
		F30770DC1B44BA2E0080EDD5 /* CalculatorVC.m */ = {isa = PBXFileReference; lastKnownFileType = sourcecode.c.objc; name = CalculatorVC.m; path = ../Calculator/CalculatorVC.m; sourceTree = "<group>"; };
		F30770E11B44BA2E0080EDD5 /* Images.xcassets */ = {isa = PBXFileReference; lastKnownFileType = folder.assetcatalog; path = Images.xcassets; sourceTree = "<group>"; };
		F30770E41B44BA2E0080EDD5 /* Base */ = {isa = PBXFileReference; lastKnownFileType = file.xib; name = Base; path = Base.lproj/LaunchScreen.xib; sourceTree = "<group>"; };
		F30770EA1B44BA2E0080EDD5 /* CalculatorTests.xctest */ = {isa = PBXFileReference; explicitFileType = wrapper.cfbundle; includeInIndex = 0; path = CalculatorTests.xctest; sourceTree = BUILT_PRODUCTS_DIR; };
		F30770EF1B44BA2E0080EDD5 /* Info.plist */ = {isa = PBXFileReference; lastKnownFileType = text.plist.xml; path = Info.plist; sourceTree = "<group>"; };
		F30770F01B44BA2E0080EDD5 /* CalculatorTests.m */ = {isa = PBXFileReference; lastKnownFileType = sourcecode.c.objc; path = CalculatorTests.m; sourceTree = "<group>"; };
		F30DD06F1BBDC24C009EE47D /* Contacts+CoreDataProperties.h */ = {isa = PBXFileReference; fileEncoding = 4; lastKnownFileType = sourcecode.c.h; path = "Contacts+CoreDataProperties.h"; sourceTree = "<group>"; };
		F30DD0701BBDC24C009EE47D /* Contacts+CoreDataProperties.m */ = {isa = PBXFileReference; fileEncoding = 4; lastKnownFileType = sourcecode.c.objc; path = "Contacts+CoreDataProperties.m"; sourceTree = "<group>"; };
		F30DD0711BBDC24C009EE47D /* Contacts.h */ = {isa = PBXFileReference; fileEncoding = 4; lastKnownFileType = sourcecode.c.h; path = Contacts.h; sourceTree = "<group>"; };
		F30DD0721BBDC24C009EE47D /* Contacts.m */ = {isa = PBXFileReference; fileEncoding = 4; lastKnownFileType = sourcecode.c.objc; path = Contacts.m; sourceTree = "<group>"; };
		F33829F01BBFAA5A00D0AF6C /* Calculator 2.xcdatamodel */ = {isa = PBXFileReference; lastKnownFileType = wrapper.xcdatamodel; path = "Calculator 2.xcdatamodel"; sourceTree = "<group>"; };
		F34C90101BF3063000F3F953 /* PhotoStorage.h */ = {isa = PBXFileReference; fileEncoding = 4; lastKnownFileType = sourcecode.c.h; path = PhotoStorage.h; sourceTree = SOURCE_ROOT; };
		F34C90111BF3063000F3F953 /* PhotoStorage.m */ = {isa = PBXFileReference; fileEncoding = 4; lastKnownFileType = sourcecode.c.objc; path = PhotoStorage.m; sourceTree = SOURCE_ROOT; };
		F34C90161BF3281800F3F953 /* Album+CoreDataProperties.h */ = {isa = PBXFileReference; fileEncoding = 4; lastKnownFileType = sourcecode.c.h; path = "Album+CoreDataProperties.h"; sourceTree = "<group>"; };
		F34C90171BF3281800F3F953 /* Album+CoreDataProperties.m */ = {isa = PBXFileReference; fileEncoding = 4; lastKnownFileType = sourcecode.c.objc; path = "Album+CoreDataProperties.m"; sourceTree = "<group>"; };
		F34C90191BF3297D00F3F953 /* Album.h */ = {isa = PBXFileReference; fileEncoding = 4; lastKnownFileType = sourcecode.c.h; path = Album.h; sourceTree = "<group>"; };
		F34C901A1BF3297D00F3F953 /* Album.m */ = {isa = PBXFileReference; fileEncoding = 4; lastKnownFileType = sourcecode.c.objc; path = Album.m; sourceTree = "<group>"; };
		F34C901C1BF3BFF300F3F953 /* Album+methods.h */ = {isa = PBXFileReference; fileEncoding = 4; lastKnownFileType = sourcecode.c.h; path = "Album+methods.h"; sourceTree = "<group>"; };
		F34C901D1BF3BFF300F3F953 /* Album+methods.m */ = {isa = PBXFileReference; fileEncoding = 4; lastKnownFileType = sourcecode.c.objc; path = "Album+methods.m"; sourceTree = "<group>"; };
		F37673601BF10EEC00B1C0A4 /* SettingsVC.h */ = {isa = PBXFileReference; fileEncoding = 4; lastKnownFileType = sourcecode.c.h; name = SettingsVC.h; path = ../Calculator/SettingsVC.h; sourceTree = "<group>"; };
		F37673611BF10EEC00B1C0A4 /* SettingsVC.m */ = {isa = PBXFileReference; fileEncoding = 4; lastKnownFileType = sourcecode.c.objc; name = SettingsVC.m; path = ../Calculator/SettingsVC.m; sourceTree = "<group>"; };
		F385EF931BDAA55800A0FC90 /* ViewPhotoVC.h */ = {isa = PBXFileReference; fileEncoding = 4; lastKnownFileType = sourcecode.c.h; path = ViewPhotoVC.h; sourceTree = SOURCE_ROOT; };
		F385EF941BDAA55800A0FC90 /* ViewPhotoVC.m */ = {isa = PBXFileReference; fileEncoding = 4; lastKnownFileType = sourcecode.c.objc; path = ViewPhotoVC.m; sourceTree = SOURCE_ROOT; };
		F38614D91BE55C04000363EF /* Photo+CoreDataProperties.h */ = {isa = PBXFileReference; fileEncoding = 4; lastKnownFileType = sourcecode.c.h; path = "Photo+CoreDataProperties.h"; sourceTree = "<group>"; };
		F38614DA1BE55C04000363EF /* Photo+CoreDataProperties.m */ = {isa = PBXFileReference; fileEncoding = 4; lastKnownFileType = sourcecode.c.objc; path = "Photo+CoreDataProperties.m"; sourceTree = "<group>"; };
		F38614DB1BE55C04000363EF /* Photo.h */ = {isa = PBXFileReference; fileEncoding = 4; lastKnownFileType = sourcecode.c.h; path = Photo.h; sourceTree = "<group>"; };
		F38614DC1BE55C04000363EF /* Photo.m */ = {isa = PBXFileReference; fileEncoding = 4; lastKnownFileType = sourcecode.c.objc; path = Photo.m; sourceTree = "<group>"; };
		F38DF7891C0779D200C82A64 /* PatternVC.h */ = {isa = PBXFileReference; fileEncoding = 4; lastKnownFileType = sourcecode.c.h; name = PatternVC.h; path = ../Calculator/PatternVC.h; sourceTree = "<group>"; };
		F38DF78A1C0779D200C82A64 /* PatternVC.m */ = {isa = PBXFileReference; fileEncoding = 4; lastKnownFileType = sourcecode.c.objc; name = PatternVC.m; path = ../Calculator/PatternVC.m; sourceTree = "<group>"; };
		F38DF78F1C0787A300C82A64 /* Base */ = {isa = PBXFileReference; lastKnownFileType = file.storyboard; name = Base; path = Calculator/Base.lproj/Main.storyboard; sourceTree = "<group>"; };
		F38DF7911C092A4400C82A64 /* PatternLockView.h */ = {isa = PBXFileReference; fileEncoding = 4; lastKnownFileType = sourcecode.c.h; path = PatternLockView.h; sourceTree = SOURCE_ROOT; };
		F38DF7921C092A4400C82A64 /* PatternLockView.m */ = {isa = PBXFileReference; fileEncoding = 4; lastKnownFileType = sourcecode.c.objc; path = PatternLockView.m; sourceTree = SOURCE_ROOT; };
		F39136A01BF94D3E00ACF081 /* NoteStorage.h */ = {isa = PBXFileReference; fileEncoding = 4; lastKnownFileType = sourcecode.c.h; name = NoteStorage.h; path = ../NoteStorage.h; sourceTree = "<group>"; };
		F39136A11BF94D3E00ACF081 /* NoteStorage.m */ = {isa = PBXFileReference; fileEncoding = 4; lastKnownFileType = sourcecode.c.objc; name = NoteStorage.m; path = ../NoteStorage.m; sourceTree = "<group>"; };
		F39136A31BF94E2900ACF081 /* ContactStorage.h */ = {isa = PBXFileReference; fileEncoding = 4; lastKnownFileType = sourcecode.c.h; path = ContactStorage.h; sourceTree = SOURCE_ROOT; };
		F39136A41BF94E2900ACF081 /* ContactStorage.m */ = {isa = PBXFileReference; fileEncoding = 4; lastKnownFileType = sourcecode.c.objc; path = ContactStorage.m; sourceTree = SOURCE_ROOT; };
		F39136A61BF94E3A00ACF081 /* PasswordStorage.h */ = {isa = PBXFileReference; fileEncoding = 4; lastKnownFileType = sourcecode.c.h; name = PasswordStorage.h; path = ../../../PasswordStorage.h; sourceTree = "<group>"; };
		F39136A71BF94E3A00ACF081 /* PasswordStorage.m */ = {isa = PBXFileReference; fileEncoding = 4; lastKnownFileType = sourcecode.c.objc; name = PasswordStorage.m; path = ../../../PasswordStorage.m; sourceTree = "<group>"; };
		F3973CB01BB314D800DCA383 /* PasswordTVC.h */ = {isa = PBXFileReference; fileEncoding = 4; lastKnownFileType = sourcecode.c.h; path = PasswordTVC.h; sourceTree = "<group>"; };
		F3973CB11BB314D800DCA383 /* PasswordTVC.m */ = {isa = PBXFileReference; fileEncoding = 4; lastKnownFileType = sourcecode.c.objc; path = PasswordTVC.m; sourceTree = "<group>"; };
		F3973CB31BB3155900DCA383 /* AddPasswordVC.h */ = {isa = PBXFileReference; fileEncoding = 4; lastKnownFileType = sourcecode.c.h; name = AddPasswordVC.h; path = ../AddPasswordVC.h; sourceTree = "<group>"; };
		F3973CB41BB3155900DCA383 /* AddPasswordVC.m */ = {isa = PBXFileReference; fileEncoding = 4; lastKnownFileType = sourcecode.c.objc; name = AddPasswordVC.m; path = ../AddPasswordVC.m; sourceTree = "<group>"; };
		F3973CB61BB3158400DCA383 /* ViewPasswordVC.h */ = {isa = PBXFileReference; fileEncoding = 4; lastKnownFileType = sourcecode.c.h; name = ViewPasswordVC.h; path = ../ViewPasswordVC.h; sourceTree = "<group>"; };
		F3973CB71BB3158400DCA383 /* ViewPasswordVC.m */ = {isa = PBXFileReference; fileEncoding = 4; lastKnownFileType = sourcecode.c.objc; name = ViewPasswordVC.m; path = ../ViewPasswordVC.m; sourceTree = "<group>"; };
		F3973CBC1BB315EB00DCA383 /* NotesTVC.h */ = {isa = PBXFileReference; fileEncoding = 4; lastKnownFileType = sourcecode.c.h; path = NotesTVC.h; sourceTree = "<group>"; };
		F3973CBD1BB315EB00DCA383 /* NotesTVC.m */ = {isa = PBXFileReference; fileEncoding = 4; lastKnownFileType = sourcecode.c.objc; path = NotesTVC.m; sourceTree = "<group>"; };
		F3973CBF1BB33BB600DCA383 /* Notes.h */ = {isa = PBXFileReference; fileEncoding = 4; lastKnownFileType = sourcecode.c.h; path = Notes.h; sourceTree = "<group>"; };
		F3973CC01BB33BB600DCA383 /* Notes.m */ = {isa = PBXFileReference; fileEncoding = 4; lastKnownFileType = sourcecode.c.objc; path = Notes.m; sourceTree = "<group>"; };
		F3BAF5B31B9D1B2300C47EC4 /* WebBrowserVC.h */ = {isa = PBXFileReference; fileEncoding = 4; lastKnownFileType = sourcecode.c.h; path = WebBrowserVC.h; sourceTree = "<group>"; };
		F3BAF5B41B9D1B2300C47EC4 /* WebBrowserVC.m */ = {isa = PBXFileReference; fileEncoding = 4; lastKnownFileType = sourcecode.c.objc; path = WebBrowserVC.m; sourceTree = "<group>"; };
		F3CBDA011B4CA00C0096F1AB /* Calculator.h */ = {isa = PBXFileReference; fileEncoding = 4; lastKnownFileType = sourcecode.c.h; name = Calculator.h; path = ../Calculator/Calculator.h; sourceTree = "<group>"; };
		F3CBDA021B4CA00C0096F1AB /* Calculator.m */ = {isa = PBXFileReference; fileEncoding = 4; lastKnownFileType = sourcecode.c.objc; name = Calculator.m; path = ../Calculator/Calculator.m; sourceTree = "<group>"; };
		F3CBDDFD1BC23D8D00910B81 /* Notes+CoreDataProperties.h */ = {isa = PBXFileReference; fileEncoding = 4; lastKnownFileType = sourcecode.c.h; path = "Notes+CoreDataProperties.h"; sourceTree = "<group>"; };
		F3CBDDFE1BC23D8D00910B81 /* Notes+CoreDataProperties.m */ = {isa = PBXFileReference; fileEncoding = 4; lastKnownFileType = sourcecode.c.objc; path = "Notes+CoreDataProperties.m"; sourceTree = "<group>"; };
		F3CBDE001BC23F5B00910B81 /* ViewNoteVC.h */ = {isa = PBXFileReference; fileEncoding = 4; lastKnownFileType = sourcecode.c.h; path = ViewNoteVC.h; sourceTree = "<group>"; };
		F3CBDE011BC23F5B00910B81 /* ViewNoteVC.m */ = {isa = PBXFileReference; fileEncoding = 4; lastKnownFileType = sourcecode.c.objc; path = ViewNoteVC.m; sourceTree = "<group>"; };
		F3D12FA41BBA014E00BA5005 /* Passwords+CoreDataProperties.h */ = {isa = PBXFileReference; fileEncoding = 4; lastKnownFileType = sourcecode.c.h; path = "Passwords+CoreDataProperties.h"; sourceTree = "<group>"; };
		F3D12FA51BBA014E00BA5005 /* Passwords+CoreDataProperties.m */ = {isa = PBXFileReference; fileEncoding = 4; lastKnownFileType = sourcecode.c.objc; path = "Passwords+CoreDataProperties.m"; sourceTree = "<group>"; };
		F3D12FA61BBA014E00BA5005 /* Passwords.h */ = {isa = PBXFileReference; fileEncoding = 4; lastKnownFileType = sourcecode.c.h; path = Passwords.h; sourceTree = "<group>"; };
		F3D12FA71BBA014E00BA5005 /* Passwords.m */ = {isa = PBXFileReference; fileEncoding = 4; lastKnownFileType = sourcecode.c.objc; path = Passwords.m; sourceTree = "<group>"; };
		F3E15CAE1C05A44900296B44 /* AlphabeticalVC.h */ = {isa = PBXFileReference; fileEncoding = 4; lastKnownFileType = sourcecode.c.h; name = AlphabeticalVC.h; path = ../AlphabeticalVC.h; sourceTree = "<group>"; };
		F3E15CAF1C05A44900296B44 /* AlphabeticalVC.m */ = {isa = PBXFileReference; fileEncoding = 4; lastKnownFileType = sourcecode.c.objc; name = AlphabeticalVC.m; path = ../AlphabeticalVC.m; sourceTree = "<group>"; };
		F3EBBC491BAB5FA500A71E4A /* Calculator.xcdatamodel */ = {isa = PBXFileReference; lastKnownFileType = wrapper.xcdatamodel; path = Calculator.xcdatamodel; sourceTree = "<group>"; };
		F3EBBC5A1BACB6F600A71E4A /* ContactsTVC.h */ = {isa = PBXFileReference; fileEncoding = 4; lastKnownFileType = sourcecode.c.h; name = ContactsTVC.h; path = ../Calculator/ContactsTVC.h; sourceTree = "<group>"; };
		F3EBBC5B1BACB6F600A71E4A /* ContactsTVC.m */ = {isa = PBXFileReference; fileEncoding = 4; lastKnownFileType = sourcecode.c.objc; name = ContactsTVC.m; path = ../Calculator/ContactsTVC.m; sourceTree = "<group>"; };
		F3EBBC611BACC0DA00A71E4A /* ViewContactVC.h */ = {isa = PBXFileReference; fileEncoding = 4; lastKnownFileType = sourcecode.c.h; name = ViewContactVC.h; path = ../Calculator/ViewContactVC.h; sourceTree = "<group>"; };
		F3EBBC621BACC0DA00A71E4A /* ViewContactVC.m */ = {isa = PBXFileReference; fileEncoding = 4; lastKnownFileType = sourcecode.c.objc; name = ViewContactVC.m; path = ../Calculator/ViewContactVC.m; sourceTree = "<group>"; };
		F3EBBC671BAE241900A71E4A /* AddContactVC.h */ = {isa = PBXFileReference; fileEncoding = 4; lastKnownFileType = sourcecode.c.h; name = AddContactVC.h; path = ../AddContactVC.h; sourceTree = "<group>"; };
		F3EBBC681BAE241900A71E4A /* AddContactVC.m */ = {isa = PBXFileReference; fileEncoding = 4; lastKnownFileType = sourcecode.c.objc; name = AddContactVC.m; path = ../AddContactVC.m; sourceTree = "<group>"; };
		F3EE2A0C1BFEBE16003BBD46 /* Settings.h */ = {isa = PBXFileReference; fileEncoding = 4; lastKnownFileType = sourcecode.c.h; name = Settings.h; path = ../Calculator/Settings.h; sourceTree = "<group>"; };
		F3EE2A0D1BFEBE16003BBD46 /* Settings.m */ = {isa = PBXFileReference; fileEncoding = 4; lastKnownFileType = sourcecode.c.objc; name = Settings.m; path = ../Calculator/Settings.m; sourceTree = "<group>"; };
		F3EE2A0F1BFEC786003BBD46 /* SecurityVC.h */ = {isa = PBXFileReference; fileEncoding = 4; lastKnownFileType = sourcecode.c.h; name = SecurityVC.h; path = ../Calculator/SecurityVC.h; sourceTree = "<group>"; };
		F3EE2A101BFEC786003BBD46 /* SecurityVC.m */ = {isa = PBXFileReference; fileEncoding = 4; lastKnownFileType = sourcecode.c.objc; name = SecurityVC.m; path = ../Calculator/SecurityVC.m; sourceTree = "<group>"; };
		F3EE2A171BFED00E003BBD46 /* Alphabetical.h */ = {isa = PBXFileReference; fileEncoding = 4; lastKnownFileType = sourcecode.c.h; name = Alphabetical.h; path = ../Alphabetical.h; sourceTree = "<group>"; };
		F3EE2A181BFED00E003BBD46 /* Alphabetical.m */ = {isa = PBXFileReference; fileEncoding = 4; lastKnownFileType = sourcecode.c.objc; name = Alphabetical.m; path = ../Alphabetical.m; sourceTree = "<group>"; };
		F3EE2A1D1BFED048003BBD46 /* Numerical.h */ = {isa = PBXFileReference; fileEncoding = 4; lastKnownFileType = sourcecode.c.h; name = Numerical.h; path = ../Numerical.h; sourceTree = "<group>"; };
		F3EE2A1E1BFED048003BBD46 /* Numerical.m */ = {isa = PBXFileReference; fileEncoding = 4; lastKnownFileType = sourcecode.c.objc; name = Numerical.m; path = ../Numerical.m; sourceTree = "<group>"; };
		F3EE2A201C00034E003BBD46 /* NumericalVC.h */ = {isa = PBXFileReference; fileEncoding = 4; lastKnownFileType = sourcecode.c.h; name = NumericalVC.h; path = ../Calculator/NumericalVC.h; sourceTree = "<group>"; };
		F3EE2A211C00034E003BBD46 /* NumericalVC.m */ = {isa = PBXFileReference; fileEncoding = 4; lastKnownFileType = sourcecode.c.objc; name = NumericalVC.m; path = ../Calculator/NumericalVC.m; sourceTree = "<group>"; };
		F3FB78551BCDABDD005DFEFF /* PhotoTVC.h */ = {isa = PBXFileReference; fileEncoding = 4; lastKnownFileType = sourcecode.c.h; name = PhotoTVC.h; path = ../Calculator/PhotoTVC.h; sourceTree = "<group>"; };
		F3FB78561BCDABDD005DFEFF /* PhotoTVC.m */ = {isa = PBXFileReference; fileEncoding = 4; lastKnownFileType = sourcecode.c.objc; name = PhotoTVC.m; path = ../Calculator/PhotoTVC.m; sourceTree = "<group>"; };
		F3FB78581BCDAC5B005DFEFF /* PhotoCVC.h */ = {isa = PBXFileReference; fileEncoding = 4; lastKnownFileType = sourcecode.c.h; name = PhotoCVC.h; path = ../Calculator/PhotoCVC.h; sourceTree = "<group>"; };
		F3FB78591BCDAC5B005DFEFF /* PhotoCVC.m */ = {isa = PBXFileReference; fileEncoding = 4; lastKnownFileType = sourcecode.c.objc; name = PhotoCVC.m; path = ../Calculator/PhotoCVC.m; sourceTree = "<group>"; };
/* End PBXFileReference section */

/* Begin PBXFrameworksBuildPhase section */
		F30770CE1B44BA2E0080EDD5 /* Frameworks */ = {
			isa = PBXFrameworksBuildPhase;
			buildActionMask = 2147483647;
			files = (
			);
			runOnlyForDeploymentPostprocessing = 0;
		};
		F30770E71B44BA2E0080EDD5 /* Frameworks */ = {
			isa = PBXFrameworksBuildPhase;
			buildActionMask = 2147483647;
			files = (
			);
			runOnlyForDeploymentPostprocessing = 0;
		};
/* End PBXFrameworksBuildPhase section */

/* Begin PBXGroup section */
		F30770C81B44BA2E0080EDD5 = {
			isa = PBXGroup;
			children = (
				F3405C371BA746B500042B5D /* CalculatorCoreData */,
				F30770D31B44BA2E0080EDD5 /* SecretPhotoVault */,
				F30770ED1B44BA2E0080EDD5 /* CalculatorTests */,
				F30770D21B44BA2E0080EDD5 /* Products */,
			);
			sourceTree = "<group>";
		};
		F30770D21B44BA2E0080EDD5 /* Products */ = {
			isa = PBXGroup;
			children = (
				F30770D11B44BA2E0080EDD5 /* Calculator.app */,
				F30770EA1B44BA2E0080EDD5 /* CalculatorTests.xctest */,
			);
			name = Products;
			sourceTree = "<group>";
		};
		F30770D31B44BA2E0080EDD5 /* SecretPhotoVault */ = {
			isa = PBXGroup;
			children = (
				F3CBDA051B4CA0580096F1AB /* View Controllers */,
				F3CBDA041B4CA0220096F1AB /* Model */,
				F30770D41B44BA2E0080EDD5 /* Supporting Files */,
			);
			name = SecretPhotoVault;
			path = Calculator;
			sourceTree = "<group>";
		};
		F30770D41B44BA2E0080EDD5 /* Supporting Files */ = {
			isa = PBXGroup;
			children = (
				F30770D81B44BA2E0080EDD5 /* AppDelegate.h */,
				F30770D91B44BA2E0080EDD5 /* AppDelegate.m */,
				F30770E31B44BA2E0080EDD5 /* LaunchScreen.xib */,
				F38DF78E1C0787A300C82A64 /* Main.storyboard */,
				F30770E11B44BA2E0080EDD5 /* Images.xcassets */,
				F30770D51B44BA2E0080EDD5 /* Info.plist */,
				F30770D61B44BA2E0080EDD5 /* main.m */,
			);
			name = "Supporting Files";
			sourceTree = "<group>";
		};
		F30770ED1B44BA2E0080EDD5 /* CalculatorTests */ = {
			isa = PBXGroup;
			children = (
				F30770F01B44BA2E0080EDD5 /* CalculatorTests.m */,
				F30770EE1B44BA2E0080EDD5 /* Supporting Files */,
			);
			path = CalculatorTests;
			sourceTree = "<group>";
		};
		F30770EE1B44BA2E0080EDD5 /* Supporting Files */ = {
			isa = PBXGroup;
			children = (
				F30770EF1B44BA2E0080EDD5 /* Info.plist */,
			);
			name = "Supporting Files";
			sourceTree = "<group>";
		};
		F3405C371BA746B500042B5D /* CalculatorCoreData */ = {
			isa = PBXGroup;
			children = (
				F3EBBC481BAB5FA500A71E4A /* Calculator.xcdatamodeld */,
				F3D12FA41BBA014E00BA5005 /* Passwords+CoreDataProperties.h */,
				F3D12FA51BBA014E00BA5005 /* Passwords+CoreDataProperties.m */,
				F3D12FA61BBA014E00BA5005 /* Passwords.h */,
				F3D12FA71BBA014E00BA5005 /* Passwords.m */,
				F3CBDDFD1BC23D8D00910B81 /* Notes+CoreDataProperties.h */,
				F3CBDDFE1BC23D8D00910B81 /* Notes+CoreDataProperties.m */,
				F3973CBF1BB33BB600DCA383 /* Notes.h */,
				F3973CC01BB33BB600DCA383 /* Notes.m */,
				F30DD06F1BBDC24C009EE47D /* Contacts+CoreDataProperties.h */,
				F30DD0701BBDC24C009EE47D /* Contacts+CoreDataProperties.m */,
				F30DD0711BBDC24C009EE47D /* Contacts.h */,
				F30DD0721BBDC24C009EE47D /* Contacts.m */,
				F38614D91BE55C04000363EF /* Photo+CoreDataProperties.h */,
				F38614DA1BE55C04000363EF /* Photo+CoreDataProperties.m */,
				F38614DB1BE55C04000363EF /* Photo.h */,
				F38614DC1BE55C04000363EF /* Photo.m */,
				F34C90161BF3281800F3F953 /* Album+CoreDataProperties.h */,
				F34C90171BF3281800F3F953 /* Album+CoreDataProperties.m */,
				F34C90191BF3297D00F3F953 /* Album.h */,
				F34C901A1BF3297D00F3F953 /* Album.m */,
				F34C901C1BF3BFF300F3F953 /* Album+methods.h */,
				F34C901D1BF3BFF300F3F953 /* Album+methods.m */,
			);
			name = CalculatorCoreData;
			sourceTree = "<group>";
		};
		F34C901F1BF3E42B00F3F953 /* Photo */ = {
			isa = PBXGroup;
			children = (
				F34C90101BF3063000F3F953 /* PhotoStorage.h */,
				F34C90111BF3063000F3F953 /* PhotoStorage.m */,
			);
			name = Photo;
			sourceTree = "<group>";
		};
		F37673631BF10F4C00B1C0A4 /* Settings */ = {
			isa = PBXGroup;
			children = (
				F3EE2A231C000372003BBD46 /* Lock Types */,
				F37673601BF10EEC00B1C0A4 /* SettingsVC.h */,
				F37673611BF10EEC00B1C0A4 /* SettingsVC.m */,
				F3EE2A0F1BFEC786003BBD46 /* SecurityVC.h */,
				F3EE2A101BFEC786003BBD46 /* SecurityVC.m */,
			);
			name = Settings;
			path = Calculator.xcodeproj;
			sourceTree = SOURCE_ROOT;
		};
		F37673641BF10F6B00B1C0A4 /* Settings */ = {
			isa = PBXGroup;
			children = (
				F3EE2A0C1BFEBE16003BBD46 /* Settings.h */,
				F3EE2A0D1BFEBE16003BBD46 /* Settings.m */,
			);
			name = Settings;
			sourceTree = "<group>";
		};
		F39136A91BF94E4D00ACF081 /* Notes */ = {
			isa = PBXGroup;
			children = (
				F39136A01BF94D3E00ACF081 /* NoteStorage.h */,
				F39136A11BF94D3E00ACF081 /* NoteStorage.m */,
			);
			name = Notes;
			sourceTree = "<group>";
		};
		F39136AA1BF94E6900ACF081 /* Password */ = {
			isa = PBXGroup;
			children = (
				F39136A61BF94E3A00ACF081 /* PasswordStorage.h */,
				F39136A71BF94E3A00ACF081 /* PasswordStorage.m */,
			);
			name = Password;
			sourceTree = "<group>";
		};
		F39136AB1BF94E7500ACF081 /* Contacts */ = {
			isa = PBXGroup;
			children = (
				F39136A31BF94E2900ACF081 /* ContactStorage.h */,
				F39136A41BF94E2900ACF081 /* ContactStorage.m */,
			);
			name = Contacts;
			sourceTree = "<group>";
		};
		F3973CAD1BB3147600DCA383 /* Password */ = {
			isa = PBXGroup;
			children = (
				F3973CB01BB314D800DCA383 /* PasswordTVC.h */,
				F3973CB11BB314D800DCA383 /* PasswordTVC.m */,
				F3973CB31BB3155900DCA383 /* AddPasswordVC.h */,
				F3973CB41BB3155900DCA383 /* AddPasswordVC.m */,
				F3973CB61BB3158400DCA383 /* ViewPasswordVC.h */,
				F3973CB71BB3158400DCA383 /* ViewPasswordVC.m */,
			);
			name = Password;
			path = ../Calculator;
			sourceTree = "<group>";
		};
		F3973CAF1BB3148F00DCA383 /* Notes */ = {
			isa = PBXGroup;
			children = (
				F3973CBC1BB315EB00DCA383 /* NotesTVC.h */,
				F3973CBD1BB315EB00DCA383 /* NotesTVC.m */,
				F3CBDE001BC23F5B00910B81 /* ViewNoteVC.h */,
				F3CBDE011BC23F5B00910B81 /* ViewNoteVC.m */,
			);
			name = Notes;
			path = ../Calculator;
			sourceTree = "<group>";
		};
		F3CBDA041B4CA0220096F1AB /* Model */ = {
			isa = PBXGroup;
			children = (
				F3EE2A131BFECFBB003BBD46 /* Lock Types */,
				F39136AA1BF94E6900ACF081 /* Password */,
				F39136AB1BF94E7500ACF081 /* Contacts */,
				F39136A91BF94E4D00ACF081 /* Notes */,
				F34C901F1BF3E42B00F3F953 /* Photo */,
				F37673641BF10F6B00B1C0A4 /* Settings */,
			);
			name = Model;
			path = ../Calculator.xcodeproj;
			sourceTree = "<group>";
		};
		F3CBDA051B4CA0580096F1AB /* View Controllers */ = {
			isa = PBXGroup;
			children = (
				F3E72E9F1BC6EAEA00EF664A /* WebBrowser */,
				F3EBBC5D1BACB91600A71E4A /* Contacts */,
				F3973CAD1BB3147600DCA383 /* Password */,
				F3973CAF1BB3148F00DCA383 /* Notes */,
				F3EBBC561BAB988F00A71E4A /* PhotoAlbum */,
				F37673631BF10F4C00B1C0A4 /* Settings */,
			);
			name = "View Controllers";
			path = Calculator.xcodeproj;
			sourceTree = SOURCE_ROOT;
		};
		F3E72E9F1BC6EAEA00EF664A /* WebBrowser */ = {
			isa = PBXGroup;
			children = (
				F3BAF5B31B9D1B2300C47EC4 /* WebBrowserVC.h */,
				F3BAF5B41B9D1B2300C47EC4 /* WebBrowserVC.m */,
			);
			name = WebBrowser;
			sourceTree = "<group>";
		};
		F3EBBC561BAB988F00A71E4A /* PhotoAlbum */ = {
			isa = PBXGroup;
			children = (
				F3FB78551BCDABDD005DFEFF /* PhotoTVC.h */,
				F3FB78561BCDABDD005DFEFF /* PhotoTVC.m */,
				F3FB78581BCDAC5B005DFEFF /* PhotoCVC.h */,
				F3FB78591BCDAC5B005DFEFF /* PhotoCVC.m */,
				F385EF931BDAA55800A0FC90 /* ViewPhotoVC.h */,
				F385EF941BDAA55800A0FC90 /* ViewPhotoVC.m */,
			);
			name = PhotoAlbum;
			sourceTree = "<group>";
		};
		F3EBBC5D1BACB91600A71E4A /* Contacts */ = {
			isa = PBXGroup;
			children = (
				F3EBBC5A1BACB6F600A71E4A /* ContactsTVC.h */,
				F3EBBC5B1BACB6F600A71E4A /* ContactsTVC.m */,
				F3EBBC671BAE241900A71E4A /* AddContactVC.h */,
				F3EBBC681BAE241900A71E4A /* AddContactVC.m */,
				F3EBBC611BACC0DA00A71E4A /* ViewContactVC.h */,
				F3EBBC621BACC0DA00A71E4A /* ViewContactVC.m */,
			);
			name = Contacts;
			sourceTree = "<group>";
		};
		F3EE2A131BFECFBB003BBD46 /* Lock Types */ = {
			isa = PBXGroup;
			children = (
				F3EE2A171BFED00E003BBD46 /* Alphabetical.h */,
				F3EE2A181BFED00E003BBD46 /* Alphabetical.m */,
				F3EE2A1D1BFED048003BBD46 /* Numerical.h */,
				F3EE2A1E1BFED048003BBD46 /* Numerical.m */,
				F38DF7911C092A4400C82A64 /* PatternLockView.h */,
				F38DF7921C092A4400C82A64 /* PatternLockView.m */,
				F3CBDA011B4CA00C0096F1AB /* Calculator.h */,
				F3CBDA021B4CA00C0096F1AB /* Calculator.m */,
			);
			name = "Lock Types";
			sourceTree = "<group>";
		};
		F3EE2A231C000372003BBD46 /* Lock Types */ = {
			isa = PBXGroup;
			children = (
				F30770DB1B44BA2E0080EDD5 /* CalculatorVC.h */,
				F30770DC1B44BA2E0080EDD5 /* CalculatorVC.m */,
				F3EE2A201C00034E003BBD46 /* NumericalVC.h */,
				F3EE2A211C00034E003BBD46 /* NumericalVC.m */,
				F3E15CAE1C05A44900296B44 /* AlphabeticalVC.h */,
				F3E15CAF1C05A44900296B44 /* AlphabeticalVC.m */,
				F38DF7891C0779D200C82A64 /* PatternVC.h */,
				F38DF78A1C0779D200C82A64 /* PatternVC.m */,
			);
			name = "Lock Types";
			sourceTree = "<group>";
		};
/* End PBXGroup section */

/* Begin PBXNativeTarget section */
		F30770D01B44BA2E0080EDD5 /* Calculator */ = {
			isa = PBXNativeTarget;
			buildConfigurationList = F30770F41B44BA2E0080EDD5 /* Build configuration list for PBXNativeTarget "Calculator" */;
			buildPhases = (
				F30770CD1B44BA2E0080EDD5 /* Sources */,
				F30770CE1B44BA2E0080EDD5 /* Frameworks */,
				F30770CF1B44BA2E0080EDD5 /* Resources */,
			);
			buildRules = (
			);
			dependencies = (
			);
			name = Calculator;
			productName = Calculator;
			productReference = F30770D11B44BA2E0080EDD5 /* Calculator.app */;
			productType = "com.apple.product-type.application";
		};
		F30770E91B44BA2E0080EDD5 /* CalculatorTests */ = {
			isa = PBXNativeTarget;
			buildConfigurationList = F30770F71B44BA2E0080EDD5 /* Build configuration list for PBXNativeTarget "CalculatorTests" */;
			buildPhases = (
				F30770E61B44BA2E0080EDD5 /* Sources */,
				F30770E71B44BA2E0080EDD5 /* Frameworks */,
				F30770E81B44BA2E0080EDD5 /* Resources */,
			);
			buildRules = (
			);
			dependencies = (
				F30770EC1B44BA2E0080EDD5 /* PBXTargetDependency */,
			);
			name = CalculatorTests;
			productName = CalculatorTests;
			productReference = F30770EA1B44BA2E0080EDD5 /* CalculatorTests.xctest */;
			productType = "com.apple.product-type.bundle.unit-test";
		};
/* End PBXNativeTarget section */

/* Begin PBXProject section */
		F30770C91B44BA2E0080EDD5 /* Project object */ = {
			isa = PBXProject;
			attributes = {
				LastUpgradeCheck = 0700;
				ORGANIZATIONNAME = "Corey Allen Pett";
				TargetAttributes = {
					F30770D01B44BA2E0080EDD5 = {
						CreatedOnToolsVersion = 6.3.2;
						DevelopmentTeam = LE87SQ7BUA;
					};
					F30770E91B44BA2E0080EDD5 = {
						CreatedOnToolsVersion = 6.3.2;
						TestTargetID = F30770D01B44BA2E0080EDD5;
					};
				};
			};
			buildConfigurationList = F30770CC1B44BA2E0080EDD5 /* Build configuration list for PBXProject "Calculator" */;
			compatibilityVersion = "Xcode 6.3";
			developmentRegion = English;
			hasScannedForEncodings = 0;
			knownRegions = (
				en,
				Base,
			);
			mainGroup = F30770C81B44BA2E0080EDD5;
			productRefGroup = F30770D21B44BA2E0080EDD5 /* Products */;
			projectDirPath = "";
			projectRoot = "";
			targets = (
				F30770D01B44BA2E0080EDD5 /* Calculator */,
				F30770E91B44BA2E0080EDD5 /* CalculatorTests */,
			);
		};
/* End PBXProject section */

/* Begin PBXResourcesBuildPhase section */
		F30770CF1B44BA2E0080EDD5 /* Resources */ = {
			isa = PBXResourcesBuildPhase;
			buildActionMask = 2147483647;
			files = (
				F38DF7901C0787A300C82A64 /* Main.storyboard in Resources */,
				F30770E51B44BA2E0080EDD5 /* LaunchScreen.xib in Resources */,
				F30770E21B44BA2E0080EDD5 /* Images.xcassets in Resources */,
			);
			runOnlyForDeploymentPostprocessing = 0;
		};
		F30770E81B44BA2E0080EDD5 /* Resources */ = {
			isa = PBXResourcesBuildPhase;
			buildActionMask = 2147483647;
			files = (
			);
			runOnlyForDeploymentPostprocessing = 0;
		};
/* End PBXResourcesBuildPhase section */

/* Begin PBXSourcesBuildPhase section */
		F30770CD1B44BA2E0080EDD5 /* Sources */ = {
			isa = PBXSourcesBuildPhase;
			buildActionMask = 2147483647;
			files = (
				F3EE2A111BFEC786003BBD46 /* SecurityVC.m in Sources */,
				F30DD0731BBDC24C009EE47D /* Contacts+CoreDataProperties.m in Sources */,
				F3FB785A1BCDAC5B005DFEFF /* PhotoCVC.m in Sources */,
				F38614DD1BE55C04000363EF /* Photo+CoreDataProperties.m in Sources */,
				F38614DE1BE55C04000363EF /* Photo.m in Sources */,
				F3CBDE021BC23F5B00910B81 /* ViewNoteVC.m in Sources */,
				F3EE2A191BFED00E003BBD46 /* Alphabetical.m in Sources */,
				F3EBBC5C1BACB6F600A71E4A /* ContactsTVC.m in Sources */,
				F30770DD1B44BA2E0080EDD5 /* CalculatorVC.m in Sources */,
				F3EBBC4A1BAB5FA500A71E4A /* Calculator.xcdatamodeld in Sources */,
				F385EF951BDAA55800A0FC90 /* ViewPhotoVC.m in Sources */,
				F30DD0741BBDC24C009EE47D /* Contacts.m in Sources */,
				F3EE2A0E1BFEBE16003BBD46 /* Settings.m in Sources */,
				F3EBBC631BACC0DA00A71E4A /* ViewContactVC.m in Sources */,
				F3D12FA91BBA014E00BA5005 /* Passwords.m in Sources */,
				F39136A51BF94E2900ACF081 /* ContactStorage.m in Sources */,
				F3E15CB01C05A44900296B44 /* AlphabeticalVC.m in Sources */,
				F38DF78B1C0779D200C82A64 /* PatternVC.m in Sources */,
				F3EE2A221C00034E003BBD46 /* NumericalVC.m in Sources */,
				F3CBDA031B4CA00C0096F1AB /* Calculator.m in Sources */,
				F34C901B1BF3297D00F3F953 /* Album.m in Sources */,
				F34C90181BF3281800F3F953 /* Album+CoreDataProperties.m in Sources */,
				F3973CB21BB314D800DCA383 /* PasswordTVC.m in Sources */,
				F30770DA1B44BA2E0080EDD5 /* AppDelegate.m in Sources */,
				F38DF7931C092A4400C82A64 /* PatternLockView.m in Sources */,
				F37673621BF10EEC00B1C0A4 /* SettingsVC.m in Sources */,
				F30770D71B44BA2E0080EDD5 /* main.m in Sources */,
				F3973CC11BB33BB600DCA383 /* Notes.m in Sources */,
				F3CBDDFF1BC23D8D00910B81 /* Notes+CoreDataProperties.m in Sources */,
				F3973CB81BB3158400DCA383 /* ViewPasswordVC.m in Sources */,
				F39136A81BF94E3A00ACF081 /* PasswordStorage.m in Sources */,
				F34C90121BF3063000F3F953 /* PhotoStorage.m in Sources */,
				F3973CBE1BB315EB00DCA383 /* NotesTVC.m in Sources */,
				F3973CB51BB3155900DCA383 /* AddPasswordVC.m in Sources */,
				F3BAF5B51B9D1B2300C47EC4 /* WebBrowserVC.m in Sources */,
				F34C901E1BF3BFF300F3F953 /* Album+methods.m in Sources */,
				F39136A21BF94D3E00ACF081 /* NoteStorage.m in Sources */,
				F3EE2A1F1BFED048003BBD46 /* Numerical.m in Sources */,
				F3EBBC691BAE241900A71E4A /* AddContactVC.m in Sources */,
				F3D12FA81BBA014E00BA5005 /* Passwords+CoreDataProperties.m in Sources */,
				F3FB78571BCDABDD005DFEFF /* PhotoTVC.m in Sources */,
			);
			runOnlyForDeploymentPostprocessing = 0;
		};
		F30770E61B44BA2E0080EDD5 /* Sources */ = {
			isa = PBXSourcesBuildPhase;
			buildActionMask = 2147483647;
			files = (
				F30770F11B44BA2E0080EDD5 /* CalculatorTests.m in Sources */,
			);
			runOnlyForDeploymentPostprocessing = 0;
		};
/* End PBXSourcesBuildPhase section */

/* Begin PBXTargetDependency section */
		F30770EC1B44BA2E0080EDD5 /* PBXTargetDependency */ = {
			isa = PBXTargetDependency;
			target = F30770D01B44BA2E0080EDD5 /* Calculator */;
			targetProxy = F30770EB1B44BA2E0080EDD5 /* PBXContainerItemProxy */;
		};
/* End PBXTargetDependency section */

/* Begin PBXVariantGroup section */
		F30770E31B44BA2E0080EDD5 /* LaunchScreen.xib */ = {
			isa = PBXVariantGroup;
			children = (
				F30770E41B44BA2E0080EDD5 /* Base */,
			);
			name = LaunchScreen.xib;
			sourceTree = "<group>";
		};
		F38DF78E1C0787A300C82A64 /* Main.storyboard */ = {
			isa = PBXVariantGroup;
			children = (
				F38DF78F1C0787A300C82A64 /* Base */,
			);
			name = Main.storyboard;
			path = ..;
			sourceTree = "<group>";
		};
/* End PBXVariantGroup section */

/* Begin XCBuildConfiguration section */
		F30770F21B44BA2E0080EDD5 /* Debug */ = {
			isa = XCBuildConfiguration;
			buildSettings = {
				ALWAYS_SEARCH_USER_PATHS = NO;
				CLANG_CXX_LANGUAGE_STANDARD = "gnu++0x";
				CLANG_CXX_LIBRARY = "libc++";
				CLANG_ENABLE_MODULES = YES;
				CLANG_ENABLE_OBJC_ARC = YES;
				CLANG_WARN_BOOL_CONVERSION = YES;
				CLANG_WARN_CONSTANT_CONVERSION = YES;
				CLANG_WARN_DIRECT_OBJC_ISA_USAGE = YES_ERROR;
				CLANG_WARN_EMPTY_BODY = YES;
				CLANG_WARN_ENUM_CONVERSION = YES;
				CLANG_WARN_INT_CONVERSION = YES;
				CLANG_WARN_OBJC_ROOT_CLASS = YES_ERROR;
				CLANG_WARN_UNREACHABLE_CODE = YES;
				CLANG_WARN__DUPLICATE_METHOD_MATCH = YES;
				"CODE_SIGN_IDENTITY[sdk=iphoneos*]" = "iPhone Developer";
				COPY_PHASE_STRIP = NO;
				DEBUG_INFORMATION_FORMAT = "dwarf-with-dsym";
				ENABLE_STRICT_OBJC_MSGSEND = YES;
				ENABLE_TESTABILITY = YES;
				GCC_C_LANGUAGE_STANDARD = gnu99;
				GCC_DYNAMIC_NO_PIC = NO;
				GCC_NO_COMMON_BLOCKS = YES;
				GCC_OPTIMIZATION_LEVEL = 0;
				GCC_PREPROCESSOR_DEFINITIONS = (
					"DEBUG=1",
					"$(inherited)",
				);
				GCC_SYMBOLS_PRIVATE_EXTERN = NO;
				GCC_WARN_64_TO_32_BIT_CONVERSION = YES;
				GCC_WARN_ABOUT_RETURN_TYPE = YES_ERROR;
				GCC_WARN_UNDECLARED_SELECTOR = YES;
				GCC_WARN_UNINITIALIZED_AUTOS = YES_AGGRESSIVE;
				GCC_WARN_UNUSED_FUNCTION = YES;
				GCC_WARN_UNUSED_VARIABLE = YES;
				IPHONEOS_DEPLOYMENT_TARGET = 9.0;
				MTL_ENABLE_DEBUG_INFO = YES;
				ONLY_ACTIVE_ARCH = YES;
				SDKROOT = iphoneos;
				TARGETED_DEVICE_FAMILY = "1,2";
			};
			name = Debug;
		};
		F30770F31B44BA2E0080EDD5 /* Release */ = {
			isa = XCBuildConfiguration;
			buildSettings = {
				ALWAYS_SEARCH_USER_PATHS = NO;
				CLANG_CXX_LANGUAGE_STANDARD = "gnu++0x";
				CLANG_CXX_LIBRARY = "libc++";
				CLANG_ENABLE_MODULES = YES;
				CLANG_ENABLE_OBJC_ARC = YES;
				CLANG_WARN_BOOL_CONVERSION = YES;
				CLANG_WARN_CONSTANT_CONVERSION = YES;
				CLANG_WARN_DIRECT_OBJC_ISA_USAGE = YES_ERROR;
				CLANG_WARN_EMPTY_BODY = YES;
				CLANG_WARN_ENUM_CONVERSION = YES;
				CLANG_WARN_INT_CONVERSION = YES;
				CLANG_WARN_OBJC_ROOT_CLASS = YES_ERROR;
				CLANG_WARN_UNREACHABLE_CODE = YES;
				CLANG_WARN__DUPLICATE_METHOD_MATCH = YES;
				"CODE_SIGN_IDENTITY[sdk=iphoneos*]" = "iPhone Developer";
				COPY_PHASE_STRIP = NO;
				DEBUG_INFORMATION_FORMAT = "dwarf-with-dsym";
				ENABLE_NS_ASSERTIONS = NO;
				ENABLE_STRICT_OBJC_MSGSEND = YES;
				GCC_C_LANGUAGE_STANDARD = gnu99;
				GCC_NO_COMMON_BLOCKS = YES;
				GCC_WARN_64_TO_32_BIT_CONVERSION = YES;
				GCC_WARN_ABOUT_RETURN_TYPE = YES_ERROR;
				GCC_WARN_UNDECLARED_SELECTOR = YES;
				GCC_WARN_UNINITIALIZED_AUTOS = YES_AGGRESSIVE;
				GCC_WARN_UNUSED_FUNCTION = YES;
				GCC_WARN_UNUSED_VARIABLE = YES;
				IPHONEOS_DEPLOYMENT_TARGET = 9.0;
				MTL_ENABLE_DEBUG_INFO = NO;
				SDKROOT = iphoneos;
				TARGETED_DEVICE_FAMILY = "1,2";
				VALIDATE_PRODUCT = YES;
			};
			name = Release;
		};
		F30770F51B44BA2E0080EDD5 /* Debug */ = {
			isa = XCBuildConfiguration;
			buildSettings = {
				ASSETCATALOG_COMPILER_APPICON_NAME = AppIcon;
				ASSETCATALOG_COMPILER_LAUNCHIMAGE_NAME = LaunchImage;
				CLANG_ENABLE_OBJC_ARC = YES;
				CODE_SIGN_IDENTITY = "iPhone Developer";
				"CODE_SIGN_IDENTITY[sdk=iphoneos*]" = "iPhone Developer";
				INFOPLIST_FILE = Calculator/Info.plist;
				LD_RUNPATH_SEARCH_PATHS = "$(inherited) @executable_path/Frameworks";
				PRODUCT_BUNDLE_IDENTIFIER = com.example.CalculatorSecret;
				PRODUCT_NAME = "$(TARGET_NAME)";
				PROVISIONING_PROFILE = "";
			};
			name = Debug;
		};
		F30770F61B44BA2E0080EDD5 /* Release */ = {
			isa = XCBuildConfiguration;
			buildSettings = {
				ASSETCATALOG_COMPILER_APPICON_NAME = AppIcon;
				ASSETCATALOG_COMPILER_LAUNCHIMAGE_NAME = LaunchImage;
				CLANG_ENABLE_OBJC_ARC = YES;
				CODE_SIGN_IDENTITY = "iPhone Developer";
				"CODE_SIGN_IDENTITY[sdk=iphoneos*]" = "iPhone Developer";
				INFOPLIST_FILE = Calculator/Info.plist;
				LD_RUNPATH_SEARCH_PATHS = "$(inherited) @executable_path/Frameworks";
				PRODUCT_BUNDLE_IDENTIFIER = com.example.CalculatorSecret;
				PRODUCT_NAME = "$(TARGET_NAME)";
				PROVISIONING_PROFILE = "";
			};
			name = Release;
		};
		F30770F81B44BA2E0080EDD5 /* Debug */ = {
			isa = XCBuildConfiguration;
			buildSettings = {
				BUNDLE_LOADER = "$(TEST_HOST)";
				FRAMEWORK_SEARCH_PATHS = (
					"$(SDKROOT)/Developer/Library/Frameworks",
					"$(inherited)",
				);
				GCC_PREPROCESSOR_DEFINITIONS = (
					"DEBUG=1",
					"$(inherited)",
				);
				INFOPLIST_FILE = CalculatorTests/Info.plist;
				LD_RUNPATH_SEARCH_PATHS = "$(inherited) @executable_path/Frameworks @loader_path/Frameworks";
				PRODUCT_BUNDLE_IDENTIFIER = "com.example.$(PRODUCT_NAME:rfc1034identifier)";
				PRODUCT_NAME = "$(TARGET_NAME)";
				TEST_HOST = "$(BUILT_PRODUCTS_DIR)/Calculator.app/Calculator";
			};
			name = Debug;
		};
		F30770F91B44BA2E0080EDD5 /* Release */ = {
			isa = XCBuildConfiguration;
			buildSettings = {
				BUNDLE_LOADER = "$(TEST_HOST)";
				FRAMEWORK_SEARCH_PATHS = (
					"$(SDKROOT)/Developer/Library/Frameworks",
					"$(inherited)",
				);
				INFOPLIST_FILE = CalculatorTests/Info.plist;
				LD_RUNPATH_SEARCH_PATHS = "$(inherited) @executable_path/Frameworks @loader_path/Frameworks";
				PRODUCT_BUNDLE_IDENTIFIER = "com.example.$(PRODUCT_NAME:rfc1034identifier)";
				PRODUCT_NAME = "$(TARGET_NAME)";
				TEST_HOST = "$(BUILT_PRODUCTS_DIR)/Calculator.app/Calculator";
			};
			name = Release;
		};
/* End XCBuildConfiguration section */

/* Begin XCConfigurationList section */
		F30770CC1B44BA2E0080EDD5 /* Build configuration list for PBXProject "Calculator" */ = {
			isa = XCConfigurationList;
			buildConfigurations = (
				F30770F21B44BA2E0080EDD5 /* Debug */,
				F30770F31B44BA2E0080EDD5 /* Release */,
			);
			defaultConfigurationIsVisible = 0;
			defaultConfigurationName = Release;
		};
		F30770F41B44BA2E0080EDD5 /* Build configuration list for PBXNativeTarget "Calculator" */ = {
			isa = XCConfigurationList;
			buildConfigurations = (
				F30770F51B44BA2E0080EDD5 /* Debug */,
				F30770F61B44BA2E0080EDD5 /* Release */,
			);
			defaultConfigurationIsVisible = 0;
			defaultConfigurationName = Release;
		};
		F30770F71B44BA2E0080EDD5 /* Build configuration list for PBXNativeTarget "CalculatorTests" */ = {
			isa = XCConfigurationList;
			buildConfigurations = (
				F30770F81B44BA2E0080EDD5 /* Debug */,
				F30770F91B44BA2E0080EDD5 /* Release */,
			);
			defaultConfigurationIsVisible = 0;
			defaultConfigurationName = Release;
		};
/* End XCConfigurationList section */

/* Begin XCVersionGroup section */
		F3EBBC481BAB5FA500A71E4A /* Calculator.xcdatamodeld */ = {
			isa = XCVersionGroup;
			children = (
				F33829F01BBFAA5A00D0AF6C /* Calculator 2.xcdatamodel */,
				F3EBBC491BAB5FA500A71E4A /* Calculator.xcdatamodel */,
			);
			currentVersion = F3EBBC491BAB5FA500A71E4A /* Calculator.xcdatamodel */;
			path = Calculator.xcdatamodeld;
			sourceTree = "<group>";
			versionGroupType = wrapper.xcdatamodel;
		};
/* End XCVersionGroup section */
	};
	rootObject = F30770C91B44BA2E0080EDD5 /* Project object */;
}
